
Microsoft Visual Studio Solution File, Format Version 12.00
# Visual Studio Version 16
VisualStudioVersion = 16.0.30011.22
MinimumVisualStudioVersion = 10.0.40219.1
Project("{FAE04EC0-301F-11D3-BF4B-00C04F79EFBC}") = "1. 1. Rectangle", "1. 1. Rectangle.csproj", "{C16B8258-EF99-4ABD-A218-21CF12FDE5D8}"
EndProject
Global
	GlobalSection(SolutionConfigurationPlatforms) = preSolution
		Debug|Any CPU = Debug|Any CPU
		Release|Any CPU = Release|Any CPU
	EndGlobalSection
	GlobalSection(ProjectConfigurationPlatforms) = postSolution
		{C16B8258-EF99-4ABD-A218-21CF12FDE5D8}.Debug|Any CPU.ActiveCfg = Debug|Any CPU
		{C16B8258-EF99-4ABD-A218-21CF12FDE5D8}.Debug|Any CPU.Build.0 = Debug|Any CPU
		{C16B8258-EF99-4ABD-A218-21CF12FDE5D8}.Release|Any CPU.ActiveCfg = Release|Any CPU
		{C16B8258-EF99-4ABD-A218-21CF12FDE5D8}.Release|Any CPU.Build.0 = Release|Any CPU
	EndGlobalSection
	GlobalSection(SolutionProperties) = preSolution
		HideSolutionNode = FALSE
	EndGlobalSection
	GlobalSection(ExtensibilityGlobals) = postSolution
		SolutionGuid = {C80F7C07-49BF-4191-9EA6-1751C332FEBE}
	EndGlobalSection
EndGlobal
