
Microsoft Visual Studio Solution File, Format Version 12.00
# Visual Studio Version 16
VisualStudioVersion = 16.0.30011.22
MinimumVisualStudioVersion = 10.0.40219.1
Project("{FAE04EC0-301F-11D3-BF4B-00C04F79EFBC}") = "1. 2. 1. Averages", "1. 2. 1. Averages\1. 2. 1. Averages.csproj", "{04F93B2E-F4AD-48FD-9458-6CFB06142F7F}"
EndProject
Project("{FAE04EC0-301F-11D3-BF4B-00C04F79EFBC}") = "1. 2. 2. Doubler", "1. 2. 2. Doubler\1. 2. 2. Doubler.csproj", "{1C0255B3-68FF-478F-A286-7590C43378DA}"
EndProject
Project("{FAE04EC0-301F-11D3-BF4B-00C04F79EFBC}") = "1. 2. 3. Lowercase", "1. 2. 3. Lowercase\1. 2. 3. Lowercase.csproj", "{135BAA6E-5E62-4DAB-B028-BA11F873144B}"
EndProject
Global
	GlobalSection(SolutionConfigurationPlatforms) = preSolution
		Debug|Any CPU = Debug|Any CPU
		Release|Any CPU = Release|Any CPU
	EndGlobalSection
	GlobalSection(ProjectConfigurationPlatforms) = postSolution
		{04F93B2E-F4AD-48FD-9458-6CFB06142F7F}.Debug|Any CPU.ActiveCfg = Debug|Any CPU
		{04F93B2E-F4AD-48FD-9458-6CFB06142F7F}.Debug|Any CPU.Build.0 = Debug|Any CPU
		{04F93B2E-F4AD-48FD-9458-6CFB06142F7F}.Release|Any CPU.ActiveCfg = Release|Any CPU
		{04F93B2E-F4AD-48FD-9458-6CFB06142F7F}.Release|Any CPU.Build.0 = Release|Any CPU
		{1C0255B3-68FF-478F-A286-7590C43378DA}.Debug|Any CPU.ActiveCfg = Debug|Any CPU
		{1C0255B3-68FF-478F-A286-7590C43378DA}.Debug|Any CPU.Build.0 = Debug|Any CPU
		{1C0255B3-68FF-478F-A286-7590C43378DA}.Release|Any CPU.ActiveCfg = Release|Any CPU
		{1C0255B3-68FF-478F-A286-7590C43378DA}.Release|Any CPU.Build.0 = Release|Any CPU
		{135BAA6E-5E62-4DAB-B028-BA11F873144B}.Debug|Any CPU.ActiveCfg = Debug|Any CPU
		{135BAA6E-5E62-4DAB-B028-BA11F873144B}.Debug|Any CPU.Build.0 = Debug|Any CPU
		{135BAA6E-5E62-4DAB-B028-BA11F873144B}.Release|Any CPU.ActiveCfg = Release|Any CPU
		{135BAA6E-5E62-4DAB-B028-BA11F873144B}.Release|Any CPU.Build.0 = Release|Any CPU
	EndGlobalSection
	GlobalSection(SolutionProperties) = preSolution
		HideSolutionNode = FALSE
	EndGlobalSection
	GlobalSection(ExtensibilityGlobals) = postSolution
		SolutionGuid = {9C6762BF-0552-4D0F-9CF4-F3A37AE540DD}
	EndGlobalSection
EndGlobal
